
Microsoft Visual Studio Solution File, Format Version 12.00
# Visual Studio Version 16
VisualStudioVersion = 16.0.29709.97
MinimumVisualStudioVersion = 10.0.40219.1
Project("{9A19103F-16F7-4668-BE54-9A1E7A4F7556}") = "MobileStoreApp", "..\MobileStoreApp.csproj", "{99BCED99-E174-4398-A528-DDA58ECBD4E1}"
EndProject
Global
	GlobalSection(SolutionConfigurationPlatforms) = preSolution
		Debug|Any CPU = Debug|Any CPU
		Release|Any CPU = Release|Any CPU
	EndGlobalSection
	GlobalSection(ProjectConfigurationPlatforms) = postSolution
		{99BCED99-E174-4398-A528-DDA58ECBD4E1}.Debug|Any CPU.ActiveCfg = Debug|Any CPU
		{99BCED99-E174-4398-A528-DDA58ECBD4E1}.Debug|Any CPU.Build.0 = Debug|Any CPU
		{99BCED99-E174-4398-A528-DDA58ECBD4E1}.Release|Any CPU.ActiveCfg = Release|Any CPU
		{99BCED99-E174-4398-A528-DDA58ECBD4E1}.Release|Any CPU.Build.0 = Release|Any CPU
	EndGlobalSection
	GlobalSection(SolutionProperties) = preSolution
		HideSolutionNode = FALSE
	EndGlobalSection
	GlobalSection(ExtensibilityGlobals) = postSolution
		SolutionGuid = {398F6053-08F2-45D8-BECC-ADEB278FF3A0}
	EndGlobalSection
EndGlobal
